
Microsoft Visual Studio Solution File, Format Version 12.00
# Visual Studio 14
VisualStudioVersion = 14.0.24720.0
MinimumVisualStudioVersion = 10.0.40219.1
Project("{FAE04EC0-301F-11D3-BF4B-00C04F79EFBC}") = "Tetris", "Tetris\Tetris.csproj", "{F090B9D3-CDD9-431B-B3F7-F6F9D051F31B}"
EndProject
Project("{FAE04EC0-301F-11D3-BF4B-00C04F79EFBC}") = "Tetris.Bussiness", "Tetris.Bussiness\Tetris.Bussiness.csproj", "{F75728A2-77F4-41C2-962F-24EFB0FA158F}"
EndProject
Global
	GlobalSection(SolutionConfigurationPlatforms) = preSolution
		Debug|Any CPU = Debug|Any CPU
		Release|Any CPU = Release|Any CPU
	EndGlobalSection
	GlobalSection(ProjectConfigurationPlatforms) = postSolution
		{F090B9D3-CDD9-431B-B3F7-F6F9D051F31B}.Debug|Any CPU.ActiveCfg = Debug|Any CPU
		{F090B9D3-CDD9-431B-B3F7-F6F9D051F31B}.Debug|Any CPU.Build.0 = Debug|Any CPU
		{F090B9D3-CDD9-431B-B3F7-F6F9D051F31B}.Release|Any CPU.ActiveCfg = Release|Any CPU
		{F090B9D3-CDD9-431B-B3F7-F6F9D051F31B}.Release|Any CPU.Build.0 = Release|Any CPU
		{F75728A2-77F4-41C2-962F-24EFB0FA158F}.Debug|Any CPU.ActiveCfg = Debug|Any CPU
		{F75728A2-77F4-41C2-962F-24EFB0FA158F}.Debug|Any CPU.Build.0 = Debug|Any CPU
		{F75728A2-77F4-41C2-962F-24EFB0FA158F}.Release|Any CPU.ActiveCfg = Release|Any CPU
		{F75728A2-77F4-41C2-962F-24EFB0FA158F}.Release|Any CPU.Build.0 = Release|Any CPU
	EndGlobalSection
	GlobalSection(SolutionProperties) = preSolution
		HideSolutionNode = FALSE
	EndGlobalSection
EndGlobal
